
Microsoft Visual Studio Solution File, Format Version 12.00
# Visual Studio Version 17
VisualStudioVersion = 17.0.31903.59
MinimumVisualStudioVersion = 10.0.40219.1
Project("{FAE04EC0-301F-11D3-BF4B-00C04F79EFBC}") = "Sivar.Erp.Core.Domain", "Sivar.Erp.Core.Domain\Sivar.Erp.Core.Domain.csproj", "{D17C3C05-3E5B-493B-B7AA-DD0BDD404093}"
EndProject
Project("{FAE04EC0-301F-11D3-BF4B-00C04F79EFBC}") = "Sivar.Erp.Core.Infrastructure", "Sivar.Erp.Core.Infrastructure\Sivar.Erp.Core.Infrastructure.csproj", "{127C3874-E75C-4985-B725-B34D3E0F2C9A}"
EndProject
Project("{FAE04EC0-301F-11D3-BF4B-00C04F79EFBC}") = "Sivar.Erp.Core.Application", "Sivar.Erp.Core.Application\Sivar.Erp.Core.Application.csproj", "{9B02609C-D33E-40D3-A606-B701BFFD54E8}"
EndProject
Project("{FAE04EC0-301F-11D3-BF4B-00C04F79EFBC}") = "Sivar.Erp.Core.Shared", "Sivar.Erp.Core.Shared\Sivar.Erp.Core.Shared.csproj", "{EBF4644A-6EE5-436B-A89D-26E8A531B1E3}"
EndProject
Project("{FAE04EC0-301F-11D3-BF4B-00C04F79EFBC}") = "Sivar.Erp.Core.Api", "Sivar.Erp.Core.Api\Sivar.Erp.Core.Api.csproj", "{FDF0DDD4-5BCB-4CCA-BCBE-9215B1426F17}"
EndProject
Global
	GlobalSection(SolutionConfigurationPlatforms) = preSolution
		Debug|Any CPU = Debug|Any CPU
		Debug|x64 = Debug|x64
		Debug|x86 = Debug|x86
		Release|Any CPU = Release|Any CPU
		Release|x64 = Release|x64
		Release|x86 = Release|x86
	EndGlobalSection
	GlobalSection(ProjectConfigurationPlatforms) = postSolution
		{D17C3C05-3E5B-493B-B7AA-DD0BDD404093}.Debug|Any CPU.ActiveCfg = Debug|Any CPU
		{D17C3C05-3E5B-493B-B7AA-DD0BDD404093}.Debug|Any CPU.Build.0 = Debug|Any CPU
		{D17C3C05-3E5B-493B-B7AA-DD0BDD404093}.Debug|x64.ActiveCfg = Debug|Any CPU
		{D17C3C05-3E5B-493B-B7AA-DD0BDD404093}.Debug|x64.Build.0 = Debug|Any CPU
		{D17C3C05-3E5B-493B-B7AA-DD0BDD404093}.Debug|x86.ActiveCfg = Debug|Any CPU
		{D17C3C05-3E5B-493B-B7AA-DD0BDD404093}.Debug|x86.Build.0 = Debug|Any CPU
		{D17C3C05-3E5B-493B-B7AA-DD0BDD404093}.Release|Any CPU.ActiveCfg = Release|Any CPU
		{D17C3C05-3E5B-493B-B7AA-DD0BDD404093}.Release|Any CPU.Build.0 = Release|Any CPU
		{D17C3C05-3E5B-493B-B7AA-DD0BDD404093}.Release|x64.ActiveCfg = Release|Any CPU
		{D17C3C05-3E5B-493B-B7AA-DD0BDD404093}.Release|x64.Build.0 = Release|Any CPU
		{D17C3C05-3E5B-493B-B7AA-DD0BDD404093}.Release|x86.ActiveCfg = Release|Any CPU
		{D17C3C05-3E5B-493B-B7AA-DD0BDD404093}.Release|x86.Build.0 = Release|Any CPU
		{127C3874-E75C-4985-B725-B34D3E0F2C9A}.Debug|Any CPU.ActiveCfg = Debug|Any CPU
		{127C3874-E75C-4985-B725-B34D3E0F2C9A}.Debug|Any CPU.Build.0 = Debug|Any CPU
		{127C3874-E75C-4985-B725-B34D3E0F2C9A}.Debug|x64.ActiveCfg = Debug|Any CPU
		{127C3874-E75C-4985-B725-B34D3E0F2C9A}.Debug|x64.Build.0 = Debug|Any CPU
		{127C3874-E75C-4985-B725-B34D3E0F2C9A}.Debug|x86.ActiveCfg = Debug|Any CPU
		{127C3874-E75C-4985-B725-B34D3E0F2C9A}.Debug|x86.Build.0 = Debug|Any CPU
		{127C3874-E75C-4985-B725-B34D3E0F2C9A}.Release|Any CPU.ActiveCfg = Release|Any CPU
		{127C3874-E75C-4985-B725-B34D3E0F2C9A}.Release|Any CPU.Build.0 = Release|Any CPU
		{127C3874-E75C-4985-B725-B34D3E0F2C9A}.Release|x64.ActiveCfg = Release|Any CPU
		{127C3874-E75C-4985-B725-B34D3E0F2C9A}.Release|x64.Build.0 = Release|Any CPU
		{127C3874-E75C-4985-B725-B34D3E0F2C9A}.Release|x86.ActiveCfg = Release|Any CPU
		{127C3874-E75C-4985-B725-B34D3E0F2C9A}.Release|x86.Build.0 = Release|Any CPU
		{9B02609C-D33E-40D3-A606-B701BFFD54E8}.Debug|Any CPU.ActiveCfg = Debug|Any CPU
		{9B02609C-D33E-40D3-A606-B701BFFD54E8}.Debug|Any CPU.Build.0 = Debug|Any CPU
		{9B02609C-D33E-40D3-A606-B701BFFD54E8}.Debug|x64.ActiveCfg = Debug|Any CPU
		{9B02609C-D33E-40D3-A606-B701BFFD54E8}.Debug|x64.Build.0 = Debug|Any CPU
		{9B02609C-D33E-40D3-A606-B701BFFD54E8}.Debug|x86.ActiveCfg = Debug|Any CPU
		{9B02609C-D33E-40D3-A606-B701BFFD54E8}.Debug|x86.Build.0 = Debug|Any CPU
		{9B02609C-D33E-40D3-A606-B701BFFD54E8}.Release|Any CPU.ActiveCfg = Release|Any CPU
		{9B02609C-D33E-40D3-A606-B701BFFD54E8}.Release|Any CPU.Build.0 = Release|Any CPU
		{9B02609C-D33E-40D3-A606-B701BFFD54E8}.Release|x64.ActiveCfg = Release|Any CPU
		{9B02609C-D33E-40D3-A606-B701BFFD54E8}.Release|x64.Build.0 = Release|Any CPU
		{9B02609C-D33E-40D3-A606-B701BFFD54E8}.Release|x86.ActiveCfg = Release|Any CPU
		{9B02609C-D33E-40D3-A606-B701BFFD54E8}.Release|x86.Build.0 = Release|Any CPU
		{EBF4644A-6EE5-436B-A89D-26E8A531B1E3}.Debug|Any CPU.ActiveCfg = Debug|Any CPU
		{EBF4644A-6EE5-436B-A89D-26E8A531B1E3}.Debug|Any CPU.Build.0 = Debug|Any CPU
		{EBF4644A-6EE5-436B-A89D-26E8A531B1E3}.Debug|x64.ActiveCfg = Debug|Any CPU
		{EBF4644A-6EE5-436B-A89D-26E8A531B1E3}.Debug|x64.Build.0 = Debug|Any CPU
		{EBF4644A-6EE5-436B-A89D-26E8A531B1E3}.Debug|x86.ActiveCfg = Debug|Any CPU
		{EBF4644A-6EE5-436B-A89D-26E8A531B1E3}.Debug|x86.Build.0 = Debug|Any CPU
		{EBF4644A-6EE5-436B-A89D-26E8A531B1E3}.Release|Any CPU.ActiveCfg = Release|Any CPU
		{EBF4644A-6EE5-436B-A89D-26E8A531B1E3}.Release|Any CPU.Build.0 = Release|Any CPU
		{EBF4644A-6EE5-436B-A89D-26E8A531B1E3}.Release|x64.ActiveCfg = Release|Any CPU
		{EBF4644A-6EE5-436B-A89D-26E8A531B1E3}.Release|x64.Build.0 = Release|Any CPU
		{EBF4644A-6EE5-436B-A89D-26E8A531B1E3}.Release|x86.ActiveCfg = Release|Any CPU
		{EBF4644A-6EE5-436B-A89D-26E8A531B1E3}.Release|x86.Build.0 = Release|Any CPU
		{FDF0DDD4-5BCB-4CCA-BCBE-9215B1426F17}.Debug|Any CPU.ActiveCfg = Debug|Any CPU
		{FDF0DDD4-5BCB-4CCA-BCBE-9215B1426F17}.Debug|Any CPU.Build.0 = Debug|Any CPU
		{FDF0DDD4-5BCB-4CCA-BCBE-9215B1426F17}.Debug|x64.ActiveCfg = Debug|Any CPU
		{FDF0DDD4-5BCB-4CCA-BCBE-9215B1426F17}.Debug|x64.Build.0 = Debug|Any CPU
		{FDF0DDD4-5BCB-4CCA-BCBE-9215B1426F17}.Debug|x86.ActiveCfg = Debug|Any CPU
		{FDF0DDD4-5BCB-4CCA-BCBE-9215B1426F17}.Debug|x86.Build.0 = Debug|Any CPU
		{FDF0DDD4-5BCB-4CCA-BCBE-9215B1426F17}.Release|Any CPU.ActiveCfg = Release|Any CPU
		{FDF0DDD4-5BCB-4CCA-BCBE-9215B1426F17}.Release|Any CPU.Build.0 = Release|Any CPU
		{FDF0DDD4-5BCB-4CCA-BCBE-9215B1426F17}.Release|x64.ActiveCfg = Release|Any CPU
		{FDF0DDD4-5BCB-4CCA-BCBE-9215B1426F17}.Release|x64.Build.0 = Release|Any CPU
		{FDF0DDD4-5BCB-4CCA-BCBE-9215B1426F17}.Release|x86.ActiveCfg = Release|Any CPU
		{FDF0DDD4-5BCB-4CCA-BCBE-9215B1426F17}.Release|x86.Build.0 = Release|Any CPU
	EndGlobalSection
	GlobalSection(SolutionProperties) = preSolution
		HideSolutionNode = FALSE
	EndGlobalSection
EndGlobal
