
Microsoft Visual Studio Solution File, Format Version 12.00
# Visual Studio Version 17
VisualStudioVersion = 17.14.36025.13
MinimumVisualStudioVersion = 10.0.40219.1
Project("{FAE04EC0-301F-11D3-BF4B-00C04F79EFBC}") = "Sivar.Erp", "Sivar.Erp\Sivar.Erp.csproj", "{03B8DEF0-238B-4670-AF9C-6F6726A05CA1}"
EndProject
Project("{FAE04EC0-301F-11D3-BF4B-00C04F79EFBC}") = "Tests", "Tests\Tests.csproj", "{E5162534-6D37-4021-BB90-6D7D706F631E}"
EndProject
Project("{FAE04EC0-301F-11D3-BF4B-00C04F79EFBC}") = "Sivar.Erp.Xpo", "Sivar.Erp.Xpo\Sivar.Erp.Xpo.csproj", "{0FD3BE1E-E833-4B3B-866D-4E23B95170B3}"
EndProject
Project("{FAE04EC0-301F-11D3-BF4B-00C04F79EFBC}") = "Tests.Xpo", "Tests.Xpo\Tests.Xpo.csproj", "{16A17C7F-3F04-474C-A676-0E99E7EF4DF4}"
EndProject
Global
	GlobalSection(SolutionConfigurationPlatforms) = preSolution
		Debug|Any CPU = Debug|Any CPU
		Release|Any CPU = Release|Any CPU
	EndGlobalSection
	GlobalSection(ProjectConfigurationPlatforms) = postSolution
		{03B8DEF0-238B-4670-AF9C-6F6726A05CA1}.Debug|Any CPU.ActiveCfg = Debug|Any CPU
		{03B8DEF0-238B-4670-AF9C-6F6726A05CA1}.Debug|Any CPU.Build.0 = Debug|Any CPU
		{03B8DEF0-238B-4670-AF9C-6F6726A05CA1}.Release|Any CPU.ActiveCfg = Release|Any CPU
		{03B8DEF0-238B-4670-AF9C-6F6726A05CA1}.Release|Any CPU.Build.0 = Release|Any CPU
		{E5162534-6D37-4021-BB90-6D7D706F631E}.Debug|Any CPU.ActiveCfg = Debug|Any CPU
		{E5162534-6D37-4021-BB90-6D7D706F631E}.Debug|Any CPU.Build.0 = Debug|Any CPU
		{E5162534-6D37-4021-BB90-6D7D706F631E}.Release|Any CPU.ActiveCfg = Release|Any CPU
		{E5162534-6D37-4021-BB90-6D7D706F631E}.Release|Any CPU.Build.0 = Release|Any CPU
		{0FD3BE1E-E833-4B3B-866D-4E23B95170B3}.Debug|Any CPU.ActiveCfg = Debug|Any CPU
		{0FD3BE1E-E833-4B3B-866D-4E23B95170B3}.Debug|Any CPU.Build.0 = Debug|Any CPU
		{0FD3BE1E-E833-4B3B-866D-4E23B95170B3}.Release|Any CPU.ActiveCfg = Release|Any CPU
		{0FD3BE1E-E833-4B3B-866D-4E23B95170B3}.Release|Any CPU.Build.0 = Release|Any CPU
		{16A17C7F-3F04-474C-A676-0E99E7EF4DF4}.Debug|Any CPU.ActiveCfg = Debug|Any CPU
		{16A17C7F-3F04-474C-A676-0E99E7EF4DF4}.Debug|Any CPU.Build.0 = Debug|Any CPU
		{16A17C7F-3F04-474C-A676-0E99E7EF4DF4}.Release|Any CPU.ActiveCfg = Release|Any CPU
		{16A17C7F-3F04-474C-A676-0E99E7EF4DF4}.Release|Any CPU.Build.0 = Release|Any CPU
	EndGlobalSection
	GlobalSection(SolutionProperties) = preSolution
		HideSolutionNode = FALSE
	EndGlobalSection
	GlobalSection(ExtensibilityGlobals) = postSolution
		SolutionGuid = {D8961339-2CAB-4721-876E-5CEF65CB6A88}
	EndGlobalSection
EndGlobal
